
Microsoft Visual Studio Solution File, Format Version 12.00
# Visual Studio 15
VisualStudioVersion = 15.0.28307.572
MinimumVisualStudioVersion = 10.0.40219.1
Project("{8BC9CEB8-8B4A-11D0-8D11-00A0C91BC942}") = "BITBank_Final_Project", "BITBank_Final_Project\BITBank_Final_Project.vcxproj", "{533F2F0D-5114-4C7E-9142-DDBD70105AEA}"
EndProject
Global
	GlobalSection(SolutionConfigurationPlatforms) = preSolution
		Debug|x64 = Debug|x64
		Debug|x86 = Debug|x86
		Release|x64 = Release|x64
		Release|x86 = Release|x86
	EndGlobalSection
	GlobalSection(ProjectConfigurationPlatforms) = postSolution
		{533F2F0D-5114-4C7E-9142-DDBD70105AEA}.Debug|x64.ActiveCfg = Debug|x64
		{533F2F0D-5114-4C7E-9142-DDBD70105AEA}.Debug|x64.Build.0 = Debug|x64
		{533F2F0D-5114-4C7E-9142-DDBD70105AEA}.Debug|x86.ActiveCfg = Debug|Win32
		{533F2F0D-5114-4C7E-9142-DDBD70105AEA}.Debug|x86.Build.0 = Debug|Win32
		{533F2F0D-5114-4C7E-9142-DDBD70105AEA}.Release|x64.ActiveCfg = Release|x64
		{533F2F0D-5114-4C7E-9142-DDBD70105AEA}.Release|x64.Build.0 = Release|x64
		{533F2F0D-5114-4C7E-9142-DDBD70105AEA}.Release|x86.ActiveCfg = Release|Win32
		{533F2F0D-5114-4C7E-9142-DDBD70105AEA}.Release|x86.Build.0 = Release|Win32
	EndGlobalSection
	GlobalSection(SolutionProperties) = preSolution
		HideSolutionNode = FALSE
	EndGlobalSection
	GlobalSection(ExtensibilityGlobals) = postSolution
		SolutionGuid = {4EE141E8-65EA-4451-A693-CD1C99D8ECE0}
	EndGlobalSection
EndGlobal
